
Microsoft Visual Studio Solution File, Format Version 12.00
# Visual Studio Version 16
VisualStudioVersion = 16.0.29201.188
MinimumVisualStudioVersion = 10.0.40219.1
Project("{FAE04EC0-301F-11D3-BF4B-00C04F79EFBC}") = "AppUpdater", "UOAOM Updater\AppUpdater.csproj", "{2A0B5916-4069-43F0-8067-8C4203539CB1}"
EndProject
Project("{9A19103F-16F7-4668-BE54-9A1E7A4F7556}") = "Application", "GW2 Addon Manager\Application.csproj", "{DC700BA9-FA6A-4991-BE06-5FBD43FA8EEA}"
EndProject
Project("{9A19103F-16F7-4668-BE54-9A1E7A4F7556}") = "Localization", "Localization\Localization.csproj", "{5B139D74-6A36-4F8F-833F-4D0DE41FF019}"
EndProject
Project("{2150E333-8FDC-42A3-9474-1A3956D46DE8}") = "Solution Items", "Solution Items", "{80D8C35F-0BAA-4C13-AE11-9CF8C8445A2D}"
	ProjectSection(SolutionItems) = preProject
		.editorconfig = .editorconfig
	EndProjectSection
EndProject
Project("{FAE04EC0-301F-11D3-BF4B-00C04F79EFBC}") = "UnitTests", "UnitTests\UnitTests.csproj", "{7F7C2508-E29D-4E54-85A5-7F7F44F4D0EE}"
EndProject
Project("{D954291E-2A0B-460D-934E-DC6B0785DB48}") = "Common", "Common\Common.shproj", "{72EAAADA-1756-4077-B0CB-04CD6A9B670E}"
EndProject
Global
	GlobalSection(SharedMSBuildProjectFiles) = preSolution
		Common\Common.projitems*{2a0b5916-4069-43f0-8067-8c4203539cb1}*SharedItemsImports = 4
		Common\Common.projitems*{72eaaada-1756-4077-b0cb-04cd6a9b670e}*SharedItemsImports = 13
		Common\Common.projitems*{dc700ba9-fa6a-4991-be06-5fbd43fa8eea}*SharedItemsImports = 5
	EndGlobalSection
	GlobalSection(SolutionConfigurationPlatforms) = preSolution
		Debug|Any CPU = Debug|Any CPU
		Release|Any CPU = Release|Any CPU
	EndGlobalSection
	GlobalSection(ProjectConfigurationPlatforms) = postSolution
		{2A0B5916-4069-43F0-8067-8C4203539CB1}.Debug|Any CPU.ActiveCfg = Debug|Any CPU
		{2A0B5916-4069-43F0-8067-8C4203539CB1}.Debug|Any CPU.Build.0 = Debug|Any CPU
		{2A0B5916-4069-43F0-8067-8C4203539CB1}.Release|Any CPU.ActiveCfg = Release|Any CPU
		{2A0B5916-4069-43F0-8067-8C4203539CB1}.Release|Any CPU.Build.0 = Release|Any CPU
		{DC700BA9-FA6A-4991-BE06-5FBD43FA8EEA}.Debug|Any CPU.ActiveCfg = Debug|Any CPU
		{DC700BA9-FA6A-4991-BE06-5FBD43FA8EEA}.Debug|Any CPU.Build.0 = Debug|Any CPU
		{DC700BA9-FA6A-4991-BE06-5FBD43FA8EEA}.Release|Any CPU.ActiveCfg = Release|Any CPU
		{DC700BA9-FA6A-4991-BE06-5FBD43FA8EEA}.Release|Any CPU.Build.0 = Release|Any CPU
		{5B139D74-6A36-4F8F-833F-4D0DE41FF019}.Debug|Any CPU.ActiveCfg = Debug|Any CPU
		{5B139D74-6A36-4F8F-833F-4D0DE41FF019}.Debug|Any CPU.Build.0 = Debug|Any CPU
		{5B139D74-6A36-4F8F-833F-4D0DE41FF019}.Release|Any CPU.ActiveCfg = Release|Any CPU
		{5B139D74-6A36-4F8F-833F-4D0DE41FF019}.Release|Any CPU.Build.0 = Release|Any CPU
		{7F7C2508-E29D-4E54-85A5-7F7F44F4D0EE}.Debug|Any CPU.ActiveCfg = Debug|Any CPU
		{7F7C2508-E29D-4E54-85A5-7F7F44F4D0EE}.Debug|Any CPU.Build.0 = Debug|Any CPU
		{7F7C2508-E29D-4E54-85A5-7F7F44F4D0EE}.Release|Any CPU.ActiveCfg = Release|Any CPU
		{7F7C2508-E29D-4E54-85A5-7F7F44F4D0EE}.Release|Any CPU.Build.0 = Release|Any CPU
	EndGlobalSection
	GlobalSection(SolutionProperties) = preSolution
		HideSolutionNode = FALSE
	EndGlobalSection
	GlobalSection(ExtensibilityGlobals) = postSolution
		SolutionGuid = {AB357776-6D4C-4C07-9D41-71B16DFDA52F}
	EndGlobalSection
EndGlobal
