
Microsoft Visual Studio Solution File, Format Version 12.00
# Visual Studio Version 16
VisualStudioVersion = 16.0.29201.188
MinimumVisualStudioVersion = 10.0.40219.1
Project("{FAE04EC0-301F-11D3-BF4B-00C04F79EFBC}") = "GW2 Addon Manager", "GW2 Addon Updater\GW2 Addon Manager.csproj", "{DC700BA9-FA6A-4991-BE06-5FBD43FA8EEA}"
EndProject
Project("{FAE04EC0-301F-11D3-BF4B-00C04F79EFBC}") = "UOAOM Updater", "UOAOM Updater\UOAOM Updater.csproj", "{2A0B5916-4069-43F0-8067-8C4203539CB1}"
EndProject
Global
	GlobalSection(SolutionConfigurationPlatforms) = preSolution
		Debug|Any CPU = Debug|Any CPU
		Release|Any CPU = Release|Any CPU
	EndGlobalSection
	GlobalSection(ProjectConfigurationPlatforms) = postSolution
		{DC700BA9-FA6A-4991-BE06-5FBD43FA8EEA}.Debug|Any CPU.ActiveCfg = Debug|Any CPU
		{DC700BA9-FA6A-4991-BE06-5FBD43FA8EEA}.Debug|Any CPU.Build.0 = Debug|Any CPU
		{DC700BA9-FA6A-4991-BE06-5FBD43FA8EEA}.Release|Any CPU.ActiveCfg = Release|Any CPU
		{DC700BA9-FA6A-4991-BE06-5FBD43FA8EEA}.Release|Any CPU.Build.0 = Release|Any CPU
		{2A0B5916-4069-43F0-8067-8C4203539CB1}.Debug|Any CPU.ActiveCfg = Debug|Any CPU
		{2A0B5916-4069-43F0-8067-8C4203539CB1}.Debug|Any CPU.Build.0 = Debug|Any CPU
		{2A0B5916-4069-43F0-8067-8C4203539CB1}.Release|Any CPU.ActiveCfg = Release|Any CPU
		{2A0B5916-4069-43F0-8067-8C4203539CB1}.Release|Any CPU.Build.0 = Release|Any CPU
	EndGlobalSection
	GlobalSection(SolutionProperties) = preSolution
		HideSolutionNode = FALSE
	EndGlobalSection
	GlobalSection(ExtensibilityGlobals) = postSolution
		SolutionGuid = {AB357776-6D4C-4C07-9D41-71B16DFDA52F}
	EndGlobalSection
EndGlobal
